
Microsoft Visual Studio Solution File, Format Version 12.00
# Visual Studio Version 17
VisualStudioVersion = 17.2.32526.322
MinimumVisualStudioVersion = 10.0.40219.1
Project("{FAE04EC0-301F-11D3-BF4B-00C04F79EFBC}") = "Task1", "Task1\Task1.csproj", "{649314F6-7237-4B9A-850D-2C1928A97B55}"
EndProject
Global
	GlobalSection(SolutionConfigurationPlatforms) = preSolution
		Debug|Any CPU = Debug|Any CPU
		Release|Any CPU = Release|Any CPU
	EndGlobalSection
	GlobalSection(ProjectConfigurationPlatforms) = postSolution
		{649314F6-7237-4B9A-850D-2C1928A97B55}.Debug|Any CPU.ActiveCfg = Debug|Any CPU
		{649314F6-7237-4B9A-850D-2C1928A97B55}.Debug|Any CPU.Build.0 = Debug|Any CPU
		{649314F6-7237-4B9A-850D-2C1928A97B55}.Release|Any CPU.ActiveCfg = Release|Any CPU
		{649314F6-7237-4B9A-850D-2C1928A97B55}.Release|Any CPU.Build.0 = Release|Any CPU
	EndGlobalSection
	GlobalSection(SolutionProperties) = preSolution
		HideSolutionNode = FALSE
	EndGlobalSection
	GlobalSection(ExtensibilityGlobals) = postSolution
		SolutionGuid = {297C93DA-DBAC-419C-A654-E057A96956CE}
	EndGlobalSection
EndGlobal
